
Microsoft Visual Studio Solution File, Format Version 12.00
# Visual Studio Version 16
VisualStudioVersion = 16.0.31729.503
MinimumVisualStudioVersion = 10.0.40219.1
Project("{FAE04EC0-301F-11D3-BF4B-00C04F79EFBC}") = "TestCrud.Web", "TestCrud.Web\TestCrud.Web.csproj", "{AF6C90FB-018D-4425-A826-D052459274DA}"
EndProject
Project("{FAE04EC0-301F-11D3-BF4B-00C04F79EFBC}") = "TestCrud.EntityModel", "TestCrud.EntityModel\TestCrud.EntityModel.csproj", "{8D16558F-6C5C-4D4A-8850-CFD70F2B869A}"
EndProject
Project("{FAE04EC0-301F-11D3-BF4B-00C04F79EFBC}") = "TestCrud.Services", "TestCrud.Services\TestCrud.Services.csproj", "{6470EA6B-7330-44E5-B1CF-ADC6053E10DD}"
EndProject
Global
	GlobalSection(SolutionConfigurationPlatforms) = preSolution
		Debug|Any CPU = Debug|Any CPU
		Release|Any CPU = Release|Any CPU
	EndGlobalSection
	GlobalSection(ProjectConfigurationPlatforms) = postSolution
		{AF6C90FB-018D-4425-A826-D052459274DA}.Debug|Any CPU.ActiveCfg = Debug|Any CPU
		{AF6C90FB-018D-4425-A826-D052459274DA}.Debug|Any CPU.Build.0 = Debug|Any CPU
		{AF6C90FB-018D-4425-A826-D052459274DA}.Release|Any CPU.ActiveCfg = Release|Any CPU
		{AF6C90FB-018D-4425-A826-D052459274DA}.Release|Any CPU.Build.0 = Release|Any CPU
		{8D16558F-6C5C-4D4A-8850-CFD70F2B869A}.Debug|Any CPU.ActiveCfg = Debug|Any CPU
		{8D16558F-6C5C-4D4A-8850-CFD70F2B869A}.Debug|Any CPU.Build.0 = Debug|Any CPU
		{8D16558F-6C5C-4D4A-8850-CFD70F2B869A}.Release|Any CPU.ActiveCfg = Release|Any CPU
		{8D16558F-6C5C-4D4A-8850-CFD70F2B869A}.Release|Any CPU.Build.0 = Release|Any CPU
		{6470EA6B-7330-44E5-B1CF-ADC6053E10DD}.Debug|Any CPU.ActiveCfg = Debug|Any CPU
		{6470EA6B-7330-44E5-B1CF-ADC6053E10DD}.Debug|Any CPU.Build.0 = Debug|Any CPU
		{6470EA6B-7330-44E5-B1CF-ADC6053E10DD}.Release|Any CPU.ActiveCfg = Release|Any CPU
		{6470EA6B-7330-44E5-B1CF-ADC6053E10DD}.Release|Any CPU.Build.0 = Release|Any CPU
	EndGlobalSection
	GlobalSection(SolutionProperties) = preSolution
		HideSolutionNode = FALSE
	EndGlobalSection
	GlobalSection(ExtensibilityGlobals) = postSolution
		SolutionGuid = {2F47366C-CF78-4740-9D3E-3AAAFD4F77B7}
	EndGlobalSection
EndGlobal
